PODS:
  - fijkplayer (0.1.1):
    - FIJKPlayer (~> 0.3.5)
    - Flutter
  - FIJKPlayer (0.3.5)
  - Flutter (1.0.0)
  - FMDB (2.7.5):
    - FMDB/standard (= 2.7.5)
  - FMDB/standard (2.7.5)
  - ovprogresshud (0.0.1):
    - Flutter
    - SVProgressHUD
  - path_provider (0.0.1):
    - Flutter
  - shared_preferences (0.0.1):
    - Flutter
  - sqflite (0.0.1):
    - Flutter
    - FMDB (~> 2.7.2)
  - SVProgressHUD (2.2.5)
  - webview_flutter (0.0.1):
    - Flutter

DEPENDENCIES:
  - fijkplayer (from `.symlinks/plugins/fijkplayer/ios`)
  - Flutter (from `.symlinks/flutter/ios`)
  - ovprogresshud (from `.symlinks/plugins/ovprogresshud/ios`)
  - path_provider (from `.symlinks/plugins/path_provider/ios`)
  - shared_preferences (from `.symlinks/plugins/shared_preferences/ios`)
  - sqflite (from `.symlinks/plugins/sqflite/ios`)
  - webview_flutter (from `.symlinks/plugins/webview_flutter/ios`)

SPEC REPOS:
  https://github.com/cocoapods/specs.git:
    - FIJKPlayer
    - FMDB
    - SVProgressHUD

EXTERNAL SOURCES:
  fijkplayer:
    :path: ".symlinks/plugins/fijkplayer/ios"
  Flutter:
    :path: ".symlinks/flutter/ios"
  ovprogresshud:
    :path: ".symlinks/plugins/ovprogresshud/ios"
  path_provider:
    :path: ".symlinks/plugins/path_provider/ios"
  shared_preferences:
    :path: ".symlinks/plugins/shared_preferences/ios"
  sqflite:
    :path: ".symlinks/plugins/sqflite/ios"
  webview_flutter:
    :path: ".symlinks/plugins/webview_flutter/ios"

SPEC CHECKSUMS:
  FIJKPlayer: fd7bd9729530db5bec20a2036d54ee5f7bb3a9c0
  fijkplayer: c8eee4965e74c231893a56c2ae3f582e838562c4
  Flutter: 0e3d915762c693b495b44d77113d4970485de6ec
  FMDB: 2ce00b547f966261cd18927a3ddb07cb6f3db82a
  ovprogresshud: 00b2a29c6c4a7166f044d00096aa78c224ef9338
  path_provider: f96fff6166a8867510d2c25fdcc346327cc4b259
  shared_preferences: 1feebfa37bb57264736e16865e7ffae7fc99b523
  sqflite: ff1d9da63c06588cc8d1faf7256d741f16989d5a
  SVProgressHUD: 1428aafac632c1f86f62aa4243ec12008d7a51d6
  webview_flutter: 1aa7604e6cdb451a9b7ed2c37d5454c0b440246b

PODFILE CHECKSUM: 64b2109b760ac9073c864e2a8278e6464efaa219

COCOAPODS: 1.7.1
